// !$*UTF8*$!
{
	archiveVersion = 1;
	classes = {
	};
	objectVersion = 46;
	objects = {

/* Begin PBXBuildFile section */
		0E3460681AD07010003A0D06 /* AppDelegate.swift in Sources */ = {isa = PBXBuildFile; fileRef = 0E3460671AD07010003A0D06 /* AppDelegate.swift */; };
		0E34606A1AD07010003A0D06 /* ViewController.swift in Sources */ = {isa = PBXBuildFile; fileRef = 0E3460691AD07010003A0D06 /* ViewController.swift */; };
		0E34606D1AD07010003A0D06 /* Main.storyboard in Resources */ = {isa = PBXBuildFile; fileRef = 0E34606B1AD07010003A0D06 /* Main.storyboard */; };
		0E34606F1AD07010003A0D06 /* Images.xcassets in Resources */ = {isa = PBXBuildFile; fileRef = 0E34606E1AD07010003A0D06 /* Images.xcassets */; };
		0E3460721AD07010003A0D06 /* LaunchScreen.xib in Resources */ = {isa = PBXBuildFile; fileRef = 0E3460701AD07010003A0D06 /* LaunchScreen.xib */; };
		0E3460891AD07054003A0D06 /* Movie.swift in Sources */ = {isa = PBXBuildFile; fileRef = 0E3460881AD07054003A0D06 /* Movie.swift */; };
		0E34608B1AD07779003A0D06 /* MovieTests.swift in Sources */ = {isa = PBXBuildFile; fileRef = 0E34608A1AD07779003A0D06 /* MovieTests.swift */; };
		0E34608C1AD0784F003A0D06 /* Movie.swift in Sources */ = {isa = PBXBuildFile; fileRef = 0E3460881AD07054003A0D06 /* Movie.swift */; };
		0E34608E1AD18E83003A0D06 /* MediaItem.swift in Sources */ = {isa = PBXBuildFile; fileRef = 0E34608D1AD18E83003A0D06 /* MediaItem.swift */; };
		0E34608F1AD18F11003A0D06 /* MediaItem.swift in Sources */ = {isa = PBXBuildFile; fileRef = 0E34608D1AD18E83003A0D06 /* MediaItem.swift */; };
		0E37CB671AD19F30009543EA /* popular-movies.json in Resources */ = {isa = PBXBuildFile; fileRef = 0E37CB651AD19F30009543EA /* popular-movies.json */; };
		0E37CB681AD19F30009543EA /* popular-movies.json in Resources */ = {isa = PBXBuildFile; fileRef = 0E37CB651AD19F30009543EA /* popular-movies.json */; };
		0E37CB691AD19F30009543EA /* popular-shows.json in Resources */ = {isa = PBXBuildFile; fileRef = 0E37CB661AD19F30009543EA /* popular-shows.json */; };
		0E37CB6A1AD19F30009543EA /* popular-shows.json in Resources */ = {isa = PBXBuildFile; fileRef = 0E37CB661AD19F30009543EA /* popular-shows.json */; };
		0E37CB6C1AD1AA53009543EA /* MediaItemFactoryTests.swift in Sources */ = {isa = PBXBuildFile; fileRef = 0E37CB6B1AD1AA53009543EA /* MediaItemFactoryTests.swift */; };
		0E435FA11AD1990900383B50 /* MediaItemFactory.swift in Sources */ = {isa = PBXBuildFile; fileRef = 0E435FA01AD1990900383B50 /* MediaItemFactory.swift */; };
		0E606C001AD19162007C93BE /* Show.swift in Sources */ = {isa = PBXBuildFile; fileRef = 0E606BFF1AD19162007C93BE /* Show.swift */; };
		0E606C011AD19172007C93BE /* Show.swift in Sources */ = {isa = PBXBuildFile; fileRef = 0E606BFF1AD19162007C93BE /* Show.swift */; };
		0E606C031AD19192007C93BE /* MediaItemTests.swift in Sources */ = {isa = PBXBuildFile; fileRef = 0E606C021AD19192007C93BE /* MediaItemTests.swift */; };
		0EC867871AD1AC6B00BAC0CC /* MediaItemFactory.swift in Sources */ = {isa = PBXBuildFile; fileRef = 0E435FA01AD1990900383B50 /* MediaItemFactory.swift */; };
		1F6FA262C8FBF08A12D3B1C9 /* Pods.framework in Frameworks */ = {isa = PBXBuildFile; fileRef = 873CEAD32C41D1CAAE17F0F5 /* Pods.framework */; settings = {ATTRIBUTES = (Weak, ); }; };
		B8E92F8704E400FF703BEEB4 /* Pods.framework in Frameworks */ = {isa = PBXBuildFile; fileRef = 873CEAD32C41D1CAAE17F0F5 /* Pods.framework */; settings = {ATTRIBUTES = (Weak, ); }; };
/* End PBXBuildFile section */

/* Begin PBXContainerItemProxy section */
		0E3460781AD07010003A0D06 /* PBXContainerItemProxy */ = {
			isa = PBXContainerItemProxy;
			containerPortal = 0E34605A1AD07010003A0D06 /* Project object */;
			proxyType = 1;
			remoteGlobalIDString = 0E3460611AD07010003A0D06;
			remoteInfo = TraktTopTen;
		};
/* End PBXContainerItemProxy section */

/* Begin PBXFileReference section */
		0E3460621AD07010003A0D06 /* TraktTopTen.app */ = {isa = PBXFileReference; explicitFileType = wrapper.application; includeInIndex = 0; path = TraktTopTen.app; sourceTree = BUILT_PRODUCTS_DIR; };
		0E3460661AD07010003A0D06 /* Info.plist */ = {isa = PBXFileReference; lastKnownFileType = text.plist.xml; path = Info.plist; sourceTree = "<group>"; };
		0E3460671AD07010003A0D06 /* AppDelegate.swift */ = {isa = PBXFileReference; lastKnownFileType = sourcecode.swift; path = AppDelegate.swift; sourceTree = "<group>"; };
		0E3460691AD07010003A0D06 /* ViewController.swift */ = {isa = PBXFileReference; lastKnownFileType = sourcecode.swift; path = ViewController.swift; sourceTree = "<group>"; };
		0E34606C1AD07010003A0D06 /* Base */ = {isa = PBXFileReference; lastKnownFileType = file.storyboard; name = Base; path = Base.lproj/Main.storyboard; sourceTree = "<group>"; };
		0E34606E1AD07010003A0D06 /* Images.xcassets */ = {isa = PBXFileReference; lastKnownFileType = folder.assetcatalog; name = Images.xcassets; path = ../Images.xcassets; sourceTree = "<group>"; };
		0E3460711AD07010003A0D06 /* Base */ = {isa = PBXFileReference; lastKnownFileType = file.xib; name = Base; path = Base.lproj/LaunchScreen.xib; sourceTree = "<group>"; };
		0E3460771AD07010003A0D06 /* TraktTopTenTests.xctest */ = {isa = PBXFileReference; explicitFileType = wrapper.cfbundle; includeInIndex = 0; path = TraktTopTenTests.xctest; sourceTree = BUILT_PRODUCTS_DIR; };
		0E34607C1AD07010003A0D06 /* Info.plist */ = {isa = PBXFileReference; lastKnownFileType = text.plist.xml; path = Info.plist; sourceTree = "<group>"; };
		0E3460881AD07054003A0D06 /* Movie.swift */ = {isa = PBXFileReference; fileEncoding = 4; lastKnownFileType = sourcecode.swift; path = Movie.swift; sourceTree = "<group>"; };
		0E34608A1AD07779003A0D06 /* MovieTests.swift */ = {isa = PBXFileReference; fileEncoding = 4; lastKnownFileType = sourcecode.swift; path = MovieTests.swift; sourceTree = "<group>"; };
		0E34608D1AD18E83003A0D06 /* MediaItem.swift */ = {isa = PBXFileReference; fileEncoding = 4; lastKnownFileType = sourcecode.swift; path = MediaItem.swift; sourceTree = "<group>"; };
		0E37CB651AD19F30009543EA /* popular-movies.json */ = {isa = PBXFileReference; fileEncoding = 4; lastKnownFileType = text.json; name = "popular-movies.json"; path = "../../../../Desktop/Trakt Calls/popular-movies.json"; sourceTree = "<group>"; };
		0E37CB661AD19F30009543EA /* popular-shows.json */ = {isa = PBXFileReference; fileEncoding = 4; lastKnownFileType = text.json; name = "popular-shows.json"; path = "../../../../Desktop/Trakt Calls/popular-shows.json"; sourceTree = "<group>"; };
		0E37CB6B1AD1AA53009543EA /* MediaItemFactoryTests.swift */ = {isa = PBXFileReference; fileEncoding = 4; lastKnownFileType = sourcecode.swift; path = MediaItemFactoryTests.swift; sourceTree = "<group>"; };
		0E435FA01AD1990900383B50 /* MediaItemFactory.swift */ = {isa = PBXFileReference; fileEncoding = 4; lastKnownFileType = sourcecode.swift; path = MediaItemFactory.swift; sourceTree = "<group>"; };
		0E606BFF1AD19162007C93BE /* Show.swift */ = {isa = PBXFileReference; fileEncoding = 4; lastKnownFileType = sourcecode.swift; path = Show.swift; sourceTree = "<group>"; };
		0E606C021AD19192007C93BE /* MediaItemTests.swift */ = {isa = PBXFileReference; fileEncoding = 4; lastKnownFileType = sourcecode.swift; path = MediaItemTests.swift; sourceTree = "<group>"; };
		7911C0DEA5DDD378A863478D /* Pods.debug.xcconfig */ = {isa = PBXFileReference; includeInIndex = 1; lastKnownFileType = text.xcconfig; name = Pods.debug.xcconfig; path = "Pods/Target Support Files/Pods/Pods.debug.xcconfig"; sourceTree = "<group>"; };
		873CEAD32C41D1CAAE17F0F5 /* Pods.framework */ = {isa = PBXFileReference; explicitFileType = wrapper.framework; includeInIndex = 0; path = Pods.framework; sourceTree = BUILT_PRODUCTS_DIR; };
		D8C7AE3A9145CEA1AB2B4527 /* Pods.release.xcconfig */ = {isa = PBXFileReference; includeInIndex = 1; lastKnownFileType = text.xcconfig; name = Pods.release.xcconfig; path = "Pods/Target Support Files/Pods/Pods.release.xcconfig"; sourceTree = "<group>"; };
/* End PBXFileReference section */

/* Begin PBXFrameworksBuildPhase section */
		0E34605F1AD07010003A0D06 /* Frameworks */ = {
			isa = PBXFrameworksBuildPhase;
			buildActionMask = 2147483647;
			files = (
				B8E92F8704E400FF703BEEB4 /* Pods.framework in Frameworks */,
			);
			runOnlyForDeploymentPostprocessing = 0;
		};
		0E3460741AD07010003A0D06 /* Frameworks */ = {
			isa = PBXFrameworksBuildPhase;
			buildActionMask = 2147483647;
			files = (
				1F6FA262C8FBF08A12D3B1C9 /* Pods.framework in Frameworks */,
			);
			runOnlyForDeploymentPostprocessing = 0;
		};
/* End PBXFrameworksBuildPhase section */

/* Begin PBXGroup section */
		0E3460591AD07010003A0D06 = {
			isa = PBXGroup;
			children = (
				0E3460641AD07010003A0D06 /* TraktTopTen */,
				0E34607A1AD07010003A0D06 /* TraktTopTenTests */,
				0E3460631AD07010003A0D06 /* Products */,
				5ACE2CC123CDA9FBA8B7A43F /* Pods */,
				6712D3617AFAD8B853C3BE0E /* Frameworks */,
			);
			sourceTree = "<group>";
		};
		0E3460631AD07010003A0D06 /* Products */ = {
			isa = PBXGroup;
			children = (
				0E3460621AD07010003A0D06 /* TraktTopTen.app */,
				0E3460771AD07010003A0D06 /* TraktTopTenTests.xctest */,
			);
			name = Products;
			sourceTree = "<group>";
		};
		0E3460641AD07010003A0D06 /* TraktTopTen */ = {
			isa = PBXGroup;
			children = (
				0E37CB641AD19F13009543EA /* TestData */,
				0E606BFC1AD19065007C93BE /* App */,
				0E606BFB1AD19053007C93BE /* Controllers */,
				0E3460871AD0702C003A0D06 /* Models */,
				0E606BFD1AD190B9007C93BE /* Views */,
			);
			path = TraktTopTen;
			sourceTree = "<group>";
		};
		0E3460651AD07010003A0D06 /* Supporting Files */ = {
			isa = PBXGroup;
			children = (
				0E3460661AD07010003A0D06 /* Info.plist */,
			);
			name = "Supporting Files";
			path = ..;
			sourceTree = "<group>";
		};
		0E34607A1AD07010003A0D06 /* TraktTopTenTests */ = {
			isa = PBXGroup;
			children = (
				0E606BFE1AD190FB007C93BE /* App */,
				0E3460901AD18F4C003A0D06 /* Models */,
			);
			path = TraktTopTenTests;
			sourceTree = "<group>";
		};
		0E34607B1AD07010003A0D06 /* Supporting Files */ = {
			isa = PBXGroup;
			children = (
				0E34607C1AD07010003A0D06 /* Info.plist */,
			);
			name = "Supporting Files";
			sourceTree = "<group>";
		};
		0E3460871AD0702C003A0D06 /* Models */ = {
			isa = PBXGroup;
			children = (
				0E34608D1AD18E83003A0D06 /* MediaItem.swift */,
				0E3460881AD07054003A0D06 /* Movie.swift */,
				0E606BFF1AD19162007C93BE /* Show.swift */,
				0E435FA01AD1990900383B50 /* MediaItemFactory.swift */,
			);
			path = Models;
			sourceTree = "<group>";
		};
		0E3460901AD18F4C003A0D06 /* Models */ = {
			isa = PBXGroup;
			children = (
				0E37CB6B1AD1AA53009543EA /* MediaItemFactoryTests.swift */,
				0E606C021AD19192007C93BE /* MediaItemTests.swift */,
				0E34608A1AD07779003A0D06 /* MovieTests.swift */,
			);
			path = Models;
			sourceTree = "<group>";
		};
		0E37CB641AD19F13009543EA /* TestData */ = {
			isa = PBXGroup;
			children = (
				0E37CB651AD19F30009543EA /* popular-movies.json */,
				0E37CB661AD19F30009543EA /* popular-shows.json */,
			);
			path = TestData;
			sourceTree = "<group>";
		};
		0E606BFB1AD19053007C93BE /* Controllers */ = {
			isa = PBXGroup;
			children = (
				0E3460691AD07010003A0D06 /* ViewController.swift */,
			);
			path = Controllers;
			sourceTree = "<group>";
		};
		0E606BFC1AD19065007C93BE /* App */ = {
			isa = PBXGroup;
			children = (
				0E3460651AD07010003A0D06 /* Supporting Files */,
				0E3460671AD07010003A0D06 /* AppDelegate.swift */,
				0E34606E1AD07010003A0D06 /* Images.xcassets */,
			);
			path = App;
			sourceTree = "<group>";
		};
		0E606BFD1AD190B9007C93BE /* Views */ = {
			isa = PBXGroup;
			children = (
				0E3460701AD07010003A0D06 /* LaunchScreen.xib */,
				0E34606B1AD07010003A0D06 /* Main.storyboard */,
			);
			name = Views;
			sourceTree = "<group>";
		};
		0E606BFE1AD190FB007C93BE /* App */ = {
			isa = PBXGroup;
			children = (
				0E34607B1AD07010003A0D06 /* Supporting Files */,
			);
			name = App;
			sourceTree = "<group>";
		};
		5ACE2CC123CDA9FBA8B7A43F /* Pods */ = {
			isa = PBXGroup;
			children = (
				7911C0DEA5DDD378A863478D /* Pods.debug.xcconfig */,
				D8C7AE3A9145CEA1AB2B4527 /* Pods.release.xcconfig */,
			);
			name = Pods;
			sourceTree = "<group>";
		};
		6712D3617AFAD8B853C3BE0E /* Frameworks */ = {
			isa = PBXGroup;
			children = (
				873CEAD32C41D1CAAE17F0F5 /* Pods.framework */,
			);
			name = Frameworks;
			sourceTree = "<group>";
		};
/* End PBXGroup section */

/* Begin PBXNativeTarget section */
		0E3460611AD07010003A0D06 /* TraktTopTen */ = {
			isa = PBXNativeTarget;
			buildConfigurationList = 0E3460811AD07010003A0D06 /* Build configuration list for PBXNativeTarget "TraktTopTen" */;
			buildPhases = (
				A932418104595875836D0521 /* Check Pods Manifest.lock */,
				0E34605E1AD07010003A0D06 /* Sources */,
				0E34605F1AD07010003A0D06 /* Frameworks */,
				0E3460601AD07010003A0D06 /* Resources */,
				F4668992E8C7A4C49FD0FE9E /* Embed Pods Frameworks */,
				316D676EBFF15335CAA466BD /* Copy Pods Resources */,
			);
			buildRules = (
			);
			dependencies = (
			);
			name = TraktTopTen;
			productName = TraktTopTen;
			productReference = 0E3460621AD07010003A0D06 /* TraktTopTen.app */;
			productType = "com.apple.product-type.application";
		};
		0E3460761AD07010003A0D06 /* TraktTopTenTests */ = {
			isa = PBXNativeTarget;
			buildConfigurationList = 0E3460841AD07010003A0D06 /* Build configuration list for PBXNativeTarget "TraktTopTenTests" */;
			buildPhases = (
				01E827E23513E55BE3E09D64 /* Check Pods Manifest.lock */,
				0E3460731AD07010003A0D06 /* Sources */,
				0E3460741AD07010003A0D06 /* Frameworks */,
				0E3460751AD07010003A0D06 /* Resources */,
				0DC9EC3037983C373A518159 /* Embed Pods Frameworks */,
				4EA02D833760A6A302D49ACE /* Copy Pods Resources */,
			);
			buildRules = (
			);
			dependencies = (
				0E3460791AD07010003A0D06 /* PBXTargetDependency */,
			);
			name = TraktTopTenTests;
			productName = TraktTopTenTests;
			productReference = 0E3460771AD07010003A0D06 /* TraktTopTenTests.xctest */;
			productType = "com.apple.product-type.bundle.unit-test";
		};
/* End PBXNativeTarget section */

/* Begin PBXProject section */
		0E34605A1AD07010003A0D06 /* Project object */ = {
			isa = PBXProject;
			attributes = {
				LastUpgradeCheck = 0620;
				ORGANIZATIONNAME = "Paul Williamson";
				TargetAttributes = {
					0E3460611AD07010003A0D06 = {
						CreatedOnToolsVersion = 6.2;
					};
					0E3460761AD07010003A0D06 = {
						CreatedOnToolsVersion = 6.2;
						TestTargetID = 0E3460611AD07010003A0D06;
					};
				};
			};
			buildConfigurationList = 0E34605D1AD07010003A0D06 /* Build configuration list for PBXProject "TraktTopTen" */;
			compatibilityVersion = "Xcode 3.2";
			developmentRegion = English;
			hasScannedForEncodings = 0;
			knownRegions = (
				en,
				Base,
			);
			mainGroup = 0E3460591AD07010003A0D06;
			productRefGroup = 0E3460631AD07010003A0D06 /* Products */;
			projectDirPath = "";
			projectRoot = "";
			targets = (
				0E3460611AD07010003A0D06 /* TraktTopTen */,
				0E3460761AD07010003A0D06 /* TraktTopTenTests */,
			);
		};
/* End PBXProject section */

/* Begin PBXResourcesBuildPhase section */
		0E3460601AD07010003A0D06 /* Resources */ = {
			isa = PBXResourcesBuildPhase;
			buildActionMask = 2147483647;
			files = (
				0E34606D1AD07010003A0D06 /* Main.storyboard in Resources */,
				0E3460721AD07010003A0D06 /* LaunchScreen.xib in Resources */,
				0E37CB671AD19F30009543EA /* popular-movies.json in Resources */,
				0E34606F1AD07010003A0D06 /* Images.xcassets in Resources */,
				0E37CB691AD19F30009543EA /* popular-shows.json in Resources */,
			);
			runOnlyForDeploymentPostprocessing = 0;
		};
		0E3460751AD07010003A0D06 /* Resources */ = {
			isa = PBXResourcesBuildPhase;
			buildActionMask = 2147483647;
			files = (
				0E37CB6A1AD19F30009543EA /* popular-shows.json in Resources */,
				0E37CB681AD19F30009543EA /* popular-movies.json in Resources */,
			);
			runOnlyForDeploymentPostprocessing = 0;
		};
/* End PBXResourcesBuildPhase section */

/* Begin PBXShellScriptBuildPhase section */
		01E827E23513E55BE3E09D64 /* Check Pods Manifest.lock */ = {
			isa = PBXShellScriptBuildPhase;
			buildActionMask = 2147483647;
			files = (
			);
			inputPaths = (
			);
			name = "Check Pods Manifest.lock";
			outputPaths = (
			);
			runOnlyForDeploymentPostprocessing = 0;
			shellPath = /bin/sh;
			shellScript = "diff \"${PODS_ROOT}/../Podfile.lock\" \"${PODS_ROOT}/Manifest.lock\" > /dev/null\nif [[ $? != 0 ]] ; then\n    cat << EOM\nerror: The sandbox is not in sync with the Podfile.lock. Run 'pod install' or update your CocoaPods installation.\nEOM\n    exit 1\nfi\n";
			showEnvVarsInLog = 0;
		};
		0DC9EC3037983C373A518159 /* Embed Pods Frameworks */ = {
			isa = PBXShellScriptBuildPhase;
			buildActionMask = 2147483647;
			files = (
			);
			inputPaths = (
			);
			name = "Embed Pods Frameworks";
			outputPaths = (
			);
			runOnlyForDeploymentPostprocessing = 0;
			shellPath = /bin/sh;
			shellScript = "\"${SRCROOT}/Pods/Target Support Files/Pods/Pods-frameworks.sh\"\n";
			showEnvVarsInLog = 0;
		};
		316D676EBFF15335CAA466BD /* Copy Pods Resources */ = {
			isa = PBXShellScriptBuildPhase;
			buildActionMask = 2147483647;
			files = (
			);
			inputPaths = (
			);
			name = "Copy Pods Resources";
			outputPaths = (
			);
			runOnlyForDeploymentPostprocessing = 0;
			shellPath = /bin/sh;
			shellScript = "\"${SRCROOT}/Pods/Target Support Files/Pods/Pods-resources.sh\"\n";
			showEnvVarsInLog = 0;
		};
		4EA02D833760A6A302D49ACE /* Copy Pods Resources */ = {
			isa = PBXShellScriptBuildPhase;
			buildActionMask = 2147483647;
			files = (
			);
			inputPaths = (
			);
			name = "Copy Pods Resources";
			outputPaths = (
			);
			runOnlyForDeploymentPostprocessing = 0;
			shellPath = /bin/sh;
			shellScript = "\"${SRCROOT}/Pods/Target Support Files/Pods/Pods-resources.sh\"\n";
			showEnvVarsInLog = 0;
		};
		A932418104595875836D0521 /* Check Pods Manifest.lock */ = {
			isa = PBXShellScriptBuildPhase;
			buildActionMask = 2147483647;
			files = (
			);
			inputPaths = (
			);
			name = "Check Pods Manifest.lock";
			outputPaths = (
			);
			runOnlyForDeploymentPostprocessing = 0;
			shellPath = /bin/sh;
			shellScript = "diff \"${PODS_ROOT}/../Podfile.lock\" \"${PODS_ROOT}/Manifest.lock\" > /dev/null\nif [[ $? != 0 ]] ; then\n    cat << EOM\nerror: The sandbox is not in sync with the Podfile.lock. Run 'pod install' or update your CocoaPods installation.\nEOM\n    exit 1\nfi\n";
			showEnvVarsInLog = 0;
		};
		F4668992E8C7A4C49FD0FE9E /* Embed Pods Frameworks */ = {
			isa = PBXShellScriptBuildPhase;
			buildActionMask = 2147483647;
			files = (
			);
			inputPaths = (
			);
			name = "Embed Pods Frameworks";
			outputPaths = (
			);
			runOnlyForDeploymentPostprocessing = 0;
			shellPath = /bin/sh;
			shellScript = "\"${SRCROOT}/Pods/Target Support Files/Pods/Pods-frameworks.sh\"\n";
			showEnvVarsInLog = 0;
		};
/* End PBXShellScriptBuildPhase section */

/* Begin PBXSourcesBuildPhase section */
		0E34605E1AD07010003A0D06 /* Sources */ = {
			isa = PBXSourcesBuildPhase;
			buildActionMask = 2147483647;
			files = (
				0E435FA11AD1990900383B50 /* MediaItemFactory.swift in Sources */,
				0E34606A1AD07010003A0D06 /* ViewController.swift in Sources */,
				0E34608E1AD18E83003A0D06 /* MediaItem.swift in Sources */,
				0E3460681AD07010003A0D06 /* AppDelegate.swift in Sources */,
				0E606C001AD19162007C93BE /* Show.swift in Sources */,
				0E3460891AD07054003A0D06 /* Movie.swift in Sources */,
			);
			runOnlyForDeploymentPostprocessing = 0;
		};
		0E3460731AD07010003A0D06 /* Sources */ = {
			isa = PBXSourcesBuildPhase;
			buildActionMask = 2147483647;
			files = (
				0E34608B1AD07779003A0D06 /* MovieTests.swift in Sources */,
				0E606C031AD19192007C93BE /* MediaItemTests.swift in Sources */,
				0E34608F1AD18F11003A0D06 /* MediaItem.swift in Sources */,
				0E606C011AD19172007C93BE /* Show.swift in Sources */,
				0E37CB6C1AD1AA53009543EA /* MediaItemFactoryTests.swift in Sources */,
				0E34608C1AD0784F003A0D06 /* Movie.swift in Sources */,
				0EC867871AD1AC6B00BAC0CC /* MediaItemFactory.swift in Sources */,
			);
			runOnlyForDeploymentPostprocessing = 0;
		};
/* End PBXSourcesBuildPhase section */

/* Begin PBXTargetDependency section */
		0E3460791AD07010003A0D06 /* PBXTargetDependency */ = {
			isa = PBXTargetDependency;
			target = 0E3460611AD07010003A0D06 /* TraktTopTen */;
			targetProxy = 0E3460781AD07010003A0D06 /* PBXContainerItemProxy */;
		};
/* End PBXTargetDependency section */

/* Begin PBXVariantGroup section */
		0E34606B1AD07010003A0D06 /* Main.storyboard */ = {
			isa = PBXVariantGroup;
			children = (
				0E34606C1AD07010003A0D06 /* Base */,
			);
			name = Main.storyboard;
			sourceTree = "<group>";
		};
		0E3460701AD07010003A0D06 /* LaunchScreen.xib */ = {
			isa = PBXVariantGroup;
			children = (
				0E3460711AD07010003A0D06 /* Base */,
			);
			name = LaunchScreen.xib;
			sourceTree = "<group>";
		};
/* End PBXVariantGroup section */

/* Begin XCBuildConfiguration section */
		0E34607F1AD07010003A0D06 /* Debug */ = {
			isa = XCBuildConfiguration;
			buildSettings = {
				ALWAYS_SEARCH_USER_PATHS = NO;
				CLANG_CXX_LANGUAGE_STANDARD = "gnu++0x";
				CLANG_CXX_LIBRARY = "libc++";
				CLANG_ENABLE_MODULES = YES;
				CLANG_ENABLE_OBJC_ARC = YES;
				CLANG_WARN_BOOL_CONVERSION = YES;
				CLANG_WARN_CONSTANT_CONVERSION = YES;
				CLANG_WARN_DIRECT_OBJC_ISA_USAGE = YES_ERROR;
				CLANG_WARN_EMPTY_BODY = YES;
				CLANG_WARN_ENUM_CONVERSION = YES;
				CLANG_WARN_INT_CONVERSION = YES;
				CLANG_WARN_OBJC_ROOT_CLASS = YES_ERROR;
				CLANG_WARN_UNREACHABLE_CODE = YES;
				CLANG_WARN__DUPLICATE_METHOD_MATCH = YES;
				"CODE_SIGN_IDENTITY[sdk=iphoneos*]" = "iPhone Developer";
				COPY_PHASE_STRIP = NO;
				ENABLE_STRICT_OBJC_MSGSEND = YES;
				GCC_C_LANGUAGE_STANDARD = gnu99;
				GCC_DYNAMIC_NO_PIC = NO;
				GCC_OPTIMIZATION_LEVEL = 0;
				GCC_PREPROCESSOR_DEFINITIONS = (
					"DEBUG=1",
					"$(inherited)",
				);
				GCC_SYMBOLS_PRIVATE_EXTERN = NO;
				GCC_WARN_64_TO_32_BIT_CONVERSION = YES;
				GCC_WARN_ABOUT_RETURN_TYPE = YES_ERROR;
				GCC_WARN_UNDECLARED_SELECTOR = YES;
				GCC_WARN_UNINITIALIZED_AUTOS = YES_AGGRESSIVE;
				GCC_WARN_UNUSED_FUNCTION = YES;
				GCC_WARN_UNUSED_VARIABLE = YES;
				IPHONEOS_DEPLOYMENT_TARGET = 8.2;
				MTL_ENABLE_DEBUG_INFO = YES;
				ONLY_ACTIVE_ARCH = YES;
				SDKROOT = iphoneos;
				SWIFT_OPTIMIZATION_LEVEL = "-Onone";
			};
			name = Debug;
		};
		0E3460801AD07010003A0D06 /* Release */ = {
			isa = XCBuildConfiguration;
			buildSettings = {
				ALWAYS_SEARCH_USER_PATHS = NO;
				CLANG_CXX_LANGUAGE_STANDARD = "gnu++0x";
				CLANG_CXX_LIBRARY = "libc++";
				CLANG_ENABLE_MODULES = YES;
				CLANG_ENABLE_OBJC_ARC = YES;
				CLANG_WARN_BOOL_CONVERSION = YES;
				CLANG_WARN_CONSTANT_CONVERSION = YES;
				CLANG_WARN_DIRECT_OBJC_ISA_USAGE = YES_ERROR;
				CLANG_WARN_EMPTY_BODY = YES;
				CLANG_WARN_ENUM_CONVERSION = YES;
				CLANG_WARN_INT_CONVERSION = YES;
				CLANG_WARN_OBJC_ROOT_CLASS = YES_ERROR;
				CLANG_WARN_UNREACHABLE_CODE = YES;
				CLANG_WARN__DUPLICATE_METHOD_MATCH = YES;
				"CODE_SIGN_IDENTITY[sdk=iphoneos*]" = "iPhone Developer";
				COPY_PHASE_STRIP = NO;
				ENABLE_NS_ASSERTIONS = NO;
				ENABLE_STRICT_OBJC_MSGSEND = YES;
				GCC_C_LANGUAGE_STANDARD = gnu99;
				GCC_WARN_64_TO_32_BIT_CONVERSION = YES;
				GCC_WARN_ABOUT_RETURN_TYPE = YES_ERROR;
				GCC_WARN_UNDECLARED_SELECTOR = YES;
				GCC_WARN_UNINITIALIZED_AUTOS = YES_AGGRESSIVE;
				GCC_WARN_UNUSED_FUNCTION = YES;
				GCC_WARN_UNUSED_VARIABLE = YES;
				IPHONEOS_DEPLOYMENT_TARGET = 8.2;
				MTL_ENABLE_DEBUG_INFO = NO;
				SDKROOT = iphoneos;
				VALIDATE_PRODUCT = YES;
			};
			name = Release;
		};
		0E3460821AD07010003A0D06 /* Debug */ = {
			isa = XCBuildConfiguration;
			baseConfigurationReference = 7911C0DEA5DDD378A863478D /* Pods.debug.xcconfig */;
			buildSettings = {
				ASSETCATALOG_COMPILER_APPICON_NAME = AppIcon;
				INFOPLIST_FILE = TraktTopTen/Info.plist;
				IPHONEOS_DEPLOYMENT_TARGET = 8.0;
				LD_RUNPATH_SEARCH_PATHS = "$(inherited) @executable_path/Frameworks";
				PRODUCT_NAME = "$(TARGET_NAME)";
			};
			name = Debug;
		};
		0E3460831AD07010003A0D06 /* Release */ = {
			isa = XCBuildConfiguration;
			baseConfigurationReference = D8C7AE3A9145CEA1AB2B4527 /* Pods.release.xcconfig */;
			buildSettings = {
				ASSETCATALOG_COMPILER_APPICON_NAME = AppIcon;
				INFOPLIST_FILE = TraktTopTen/Info.plist;
				IPHONEOS_DEPLOYMENT_TARGET = 8.0;
				LD_RUNPATH_SEARCH_PATHS = "$(inherited) @executable_path/Frameworks";
				PRODUCT_NAME = "$(TARGET_NAME)";
			};
			name = Release;
		};
		0E3460851AD07010003A0D06 /* Debug */ = {
			isa = XCBuildConfiguration;
			baseConfigurationReference = 7911C0DEA5DDD378A863478D /* Pods.debug.xcconfig */;
			buildSettings = {
				BUNDLE_LOADER = "$(TEST_HOST)";
				FRAMEWORK_SEARCH_PATHS = (
					"$(SDKROOT)/Developer/Library/Frameworks",
					"$(inherited)",
				);
				GCC_PREPROCESSOR_DEFINITIONS = (
					"DEBUG=1",
					"$(inherited)",
				);
				INFOPLIST_FILE = TraktTopTenTests/Info.plist;
				LD_RUNPATH_SEARCH_PATHS = "$(inherited) @executable_path/Frameworks @loader_path/Frameworks";
				PRODUCT_NAME = "$(TARGET_NAME)";
				TEST_HOST = "$(BUILT_PRODUCTS_DIR)/TraktTopTen.app/TraktTopTen";
			};
			name = Debug;
		};
		0E3460861AD07010003A0D06 /* Release */ = {
			isa = XCBuildConfiguration;
			baseConfigurationReference = D8C7AE3A9145CEA1AB2B4527 /* Pods.release.xcconfig */;
			buildSettings = {
				BUNDLE_LOADER = "$(TEST_HOST)";
				FRAMEWORK_SEARCH_PATHS = (
					"$(SDKROOT)/Developer/Library/Frameworks",
					"$(inherited)",
				);
				INFOPLIST_FILE = TraktTopTenTests/Info.plist;
				LD_RUNPATH_SEARCH_PATHS = "$(inherited) @executable_path/Frameworks @loader_path/Frameworks";
				PRODUCT_NAME = "$(TARGET_NAME)";
				TEST_HOST = "$(BUILT_PRODUCTS_DIR)/TraktTopTen.app/TraktTopTen";
			};
			name = Release;
		};
/* End XCBuildConfiguration section */

/* Begin XCConfigurationList section */
		0E34605D1AD07010003A0D06 /* Build configuration list for PBXProject "TraktTopTen" */ = {
			isa = XCConfigurationList;
			buildConfigurations = (
				0E34607F1AD07010003A0D06 /* Debug */,
				0E3460801AD07010003A0D06 /* Release */,
			);
			defaultConfigurationIsVisible = 0;
			defaultConfigurationName = Release;
		};
		0E3460811AD07010003A0D06 /* Build configuration list for PBXNativeTarget "TraktTopTen" */ = {
			isa = XCConfigurationList;
			buildConfigurations = (
				0E3460821AD07010003A0D06 /* Debug */,
				0E3460831AD07010003A0D06 /* Release */,
			);
			defaultConfigurationIsVisible = 0;
			defaultConfigurationName = Release;
		};
		0E3460841AD07010003A0D06 /* Build configuration list for PBXNativeTarget "TraktTopTenTests" */ = {
			isa = XCConfigurationList;
			buildConfigurations = (
				0E3460851AD07010003A0D06 /* Debug */,
				0E3460861AD07010003A0D06 /* Release */,
			);
			defaultConfigurationIsVisible = 0;
			defaultConfigurationName = Release;
		};
/* End XCConfigurationList section */
	};
	rootObject = 0E34605A1AD07010003A0D06 /* Project object */;
}
